
Microsoft Visual Studio Solution File, Format Version 12.00
# Visual Studio Version 16
VisualStudioVersion = 16.0.29020.237
MinimumVisualStudioVersion = 10.0.40219.1
Project("{FAE04EC0-301F-11D3-BF4B-00C04F79EFBC}") = "MMSim", "MMSim.csproj", "{BA529795-861A-439A-AAFA-84872FFFBF01}"
EndProject
Global
	GlobalSection(SolutionConfigurationPlatforms) = preSolution
		Debug|Any CPU = Debug|Any CPU
		Release|Any CPU = Release|Any CPU
	EndGlobalSection
	GlobalSection(ProjectConfigurationPlatforms) = postSolution
		{BA529795-861A-439A-AAFA-84872FFFBF01}.Debug|Any CPU.ActiveCfg = Debug|Any CPU
		{BA529795-861A-439A-AAFA-84872FFFBF01}.Debug|Any CPU.Build.0 = Debug|Any CPU
		{BA529795-861A-439A-AAFA-84872FFFBF01}.Release|Any CPU.ActiveCfg = Release|Any CPU
		{BA529795-861A-439A-AAFA-84872FFFBF01}.Release|Any CPU.Build.0 = Release|Any CPU
	EndGlobalSection
	GlobalSection(SolutionProperties) = preSolution
		HideSolutionNode = FALSE
	EndGlobalSection
	GlobalSection(ExtensibilityGlobals) = postSolution
		SolutionGuid = {21A08923-EFB2-4654-97F9-ECDB7A229EBD}
	EndGlobalSection
EndGlobal
